
Microsoft Visual Studio Solution File, Format Version 12.00
# Visual Studio Version 17
VisualStudioVersion = 17.14.36414.22 d17.14
MinimumVisualStudioVersion = 10.0.40219.1
Project("{FAE04EC0-301F-11D3-BF4B-00C04F79EFBC}") = "POC.WorkerProducer", "POC.WorkerProducer\POC.WorkerProducer.csproj", "{DB1DD355-0478-43F6-AB15-8FCEEBA2E09B}"
EndProject
Project("{FAE04EC0-301F-11D3-BF4B-00C04F79EFBC}") = "POC.WorkerConsumer", "POC.WorkerConsumer\POC.WorkerConsumer.csproj", "{C3F138D9-EB8C-478B-83C3-61F09434F36E}"
EndProject
Global
	GlobalSection(SolutionConfigurationPlatforms) = preSolution
		Debug|Any CPU = Debug|Any CPU
		Release|Any CPU = Release|Any CPU
	EndGlobalSection
	GlobalSection(ProjectConfigurationPlatforms) = postSolution
		{DB1DD355-0478-43F6-AB15-8FCEEBA2E09B}.Debug|Any CPU.ActiveCfg = Debug|Any CPU
		{DB1DD355-0478-43F6-AB15-8FCEEBA2E09B}.Debug|Any CPU.Build.0 = Debug|Any CPU
		{DB1DD355-0478-43F6-AB15-8FCEEBA2E09B}.Release|Any CPU.ActiveCfg = Release|Any CPU
		{DB1DD355-0478-43F6-AB15-8FCEEBA2E09B}.Release|Any CPU.Build.0 = Release|Any CPU
		{C3F138D9-EB8C-478B-83C3-61F09434F36E}.Debug|Any CPU.ActiveCfg = Debug|Any CPU
		{C3F138D9-EB8C-478B-83C3-61F09434F36E}.Debug|Any CPU.Build.0 = Debug|Any CPU
		{C3F138D9-EB8C-478B-83C3-61F09434F36E}.Release|Any CPU.ActiveCfg = Release|Any CPU
		{C3F138D9-EB8C-478B-83C3-61F09434F36E}.Release|Any CPU.Build.0 = Release|Any CPU
	EndGlobalSection
	GlobalSection(SolutionProperties) = preSolution
		HideSolutionNode = FALSE
	EndGlobalSection
	GlobalSection(ExtensibilityGlobals) = postSolution
		SolutionGuid = {033BD06C-0A72-4C33-B35E-DF5472E6AB3E}
	EndGlobalSection
EndGlobal
